
Microsoft Visual Studio Solution File, Format Version 10.00
# Visual Studio 2008
Project("{6989167D-11E4-40FE-8C1A-2192A86A7E90}") = "WRmetDFO", "WRmetDFO.vfproj", "{59348C7F-C5EF-4905-9281-86DF5792CC0C}"
EndProject
Global
	GlobalSection(SolutionConfigurationPlatforms) = preSolution
		Debug|Win32 = Debug|Win32
		Release|Win32 = Release|Win32
	EndGlobalSection
	GlobalSection(ProjectConfigurationPlatforms) = postSolution
		{59348C7F-C5EF-4905-9281-86DF5792CC0C}.Debug|Win32.ActiveCfg = Debug|Win32
		{59348C7F-C5EF-4905-9281-86DF5792CC0C}.Debug|Win32.Build.0 = Debug|Win32
		{59348C7F-C5EF-4905-9281-86DF5792CC0C}.Release|Win32.ActiveCfg = Release|Win32
		{59348C7F-C5EF-4905-9281-86DF5792CC0C}.Release|Win32.Build.0 = Release|Win32
	EndGlobalSection
	GlobalSection(SolutionProperties) = preSolution
		HideSolutionNode = FALSE
	EndGlobalSection
EndGlobal
